// !$*UTF8*$!
{
	archiveVersion = 1;
	classes = {
	};
	objectVersion = 46;
	objects = {

/* Begin PBXBuildFile section */
		1786DEC61C00C6A0002DE686 /* TConstants.m in Sources */ = {isa = PBXBuildFile; fileRef = 1786DEC31C00C6A0002DE686 /* TConstants.m */; };
		1786DEC71C00C6A0002DE686 /* TModule.m in Sources */ = {isa = PBXBuildFile; fileRef = 1786DEC51C00C6A0002DE686 /* TModule.m */; };
		1786DECD1C00C6A7002DE686 /* TNetworkManager.m in Sources */ = {isa = PBXBuildFile; fileRef = 1786DECA1C00C6A7002DE686 /* TNetworkManager.m */; };
		1786DECE1C00C6A7002DE686 /* TSessionManager.m in Sources */ = {isa = PBXBuildFile; fileRef = 1786DECC1C00C6A7002DE686 /* TSessionManager.m */; };
		1786DED11C00C994002DE686 /* TBaseModel.m in Sources */ = {isa = PBXBuildFile; fileRef = 1786DED01C00C994002DE686 /* TBaseModel.m */; };
		179E8AAB1C00A994005E492F /* main.m in Sources */ = {isa = PBXBuildFile; fileRef = 179E8AAA1C00A994005E492F /* main.m */; };
		179E8AAE1C00A994005E492F /* AppDelegate.m in Sources */ = {isa = PBXBuildFile; fileRef = 179E8AAD1C00A994005E492F /* AppDelegate.m */; };
		179E8AB71C00A994005E492F /* Main.storyboard in Resources */ = {isa = PBXBuildFile; fileRef = 179E8AB51C00A994005E492F /* Main.storyboard */; };
		179E8AB91C00A994005E492F /* Assets.xcassets in Resources */ = {isa = PBXBuildFile; fileRef = 179E8AB81C00A994005E492F /* Assets.xcassets */; };
		179E8ABC1C00A994005E492F /* LaunchScreen.storyboard in Resources */ = {isa = PBXBuildFile; fileRef = 179E8ABA1C00A994005E492F /* LaunchScreen.storyboard */; };
		179E8AC71C00A995005E492F /* TherapeuoTests.m in Sources */ = {isa = PBXBuildFile; fileRef = 179E8AC61C00A995005E492F /* TherapeuoTests.m */; };
		179E8AD21C00A995005E492F /* TherapeuoUITests.m in Sources */ = {isa = PBXBuildFile; fileRef = 179E8AD11C00A995005E492F /* TherapeuoUITests.m */; };
		179E8AEB1C00AA27005E492F /* CasesViewController.m in Sources */ = {isa = PBXBuildFile; fileRef = 179E8AE71C00AA27005E492F /* CasesViewController.m */; };
		179E8AEC1C00AA27005E492F /* DoctorProfileViewController.m in Sources */ = {isa = PBXBuildFile; fileRef = 179E8AEA1C00AA27005E492F /* DoctorProfileViewController.m */; };
		B0662ED01C00BF35008EDA02 /* HomeViewController.m in Sources */ = {isa = PBXBuildFile; fileRef = B0662ECF1C00BF35008EDA02 /* HomeViewController.m */; };
		B0662ED41C00BF5D008EDA02 /* LoginViewController.m in Sources */ = {isa = PBXBuildFile; fileRef = B0662ED31C00BF5D008EDA02 /* LoginViewController.m */; };
		B0662ED71C00BF6B008EDA02 /* RegistrationViewController.m in Sources */ = {isa = PBXBuildFile; fileRef = B0662ED61C00BF6B008EDA02 /* RegistrationViewController.m */; };
		B532F76BD2BBA1C8908EBC13 /* libPods-Therapeuo.a in Frameworks */ = {isa = PBXBuildFile; fileRef = C9D3485565CC8C0FB8C1C6C5 /* libPods-Therapeuo.a */; };
		D3796E131C00BBBA007E2888 /* Doctor.m in Sources */ = {isa = PBXBuildFile; fileRef = D3796E0C1C00BBBA007E2888 /* Doctor.m */; };
		D3796E141C00BBBA007E2888 /* Patient.m in Sources */ = {isa = PBXBuildFile; fileRef = D3796E0E1C00BBBA007E2888 /* Patient.m */; };
		D3796E151C00BBBA007E2888 /* PatientCase.m in Sources */ = {isa = PBXBuildFile; fileRef = D3796E101C00BBBA007E2888 /* PatientCase.m */; };
		D3796E161C00BBBA007E2888 /* PatientMessage.m in Sources */ = {isa = PBXBuildFile; fileRef = D3796E121C00BBBA007E2888 /* PatientMessage.m */; };
/* End PBXBuildFile section */

/* Begin PBXContainerItemProxy section */
		179E8AC31C00A995005E492F /* PBXContainerItemProxy */ = {
			isa = PBXContainerItemProxy;
			containerPortal = 179E8A9E1C00A994005E492F /* Project object */;
			proxyType = 1;
			remoteGlobalIDString = 179E8AA51C00A994005E492F;
			remoteInfo = Therapeuo;
		};
		179E8ACE1C00A995005E492F /* PBXContainerItemProxy */ = {
			isa = PBXContainerItemProxy;
			containerPortal = 179E8A9E1C00A994005E492F /* Project object */;
			proxyType = 1;
			remoteGlobalIDString = 179E8AA51C00A994005E492F;
			remoteInfo = Therapeuo;
		};
/* End PBXContainerItemProxy section */

/* Begin PBXFileReference section */
		1786DEC21C00C6A0002DE686 /* TConstants.h */ = {isa = PBXFileReference; fileEncoding = 4; lastKnownFileType = sourcecode.c.h; path = TConstants.h; sourceTree = "<group>"; };
		1786DEC31C00C6A0002DE686 /* TConstants.m */ = {isa = PBXFileReference; fileEncoding = 4; lastKnownFileType = sourcecode.c.objc; path = TConstants.m; sourceTree = "<group>"; };
		1786DEC41C00C6A0002DE686 /* TModule.h */ = {isa = PBXFileReference; fileEncoding = 4; lastKnownFileType = sourcecode.c.h; path = TModule.h; sourceTree = "<group>"; };
		1786DEC51C00C6A0002DE686 /* TModule.m */ = {isa = PBXFileReference; fileEncoding = 4; lastKnownFileType = sourcecode.c.objc; path = TModule.m; sourceTree = "<group>"; };
		1786DEC91C00C6A7002DE686 /* TNetworkManager.h */ = {isa = PBXFileReference; fileEncoding = 4; lastKnownFileType = sourcecode.c.h; path = TNetworkManager.h; sourceTree = "<group>"; };
		1786DECA1C00C6A7002DE686 /* TNetworkManager.m */ = {isa = PBXFileReference; fileEncoding = 4; lastKnownFileType = sourcecode.c.objc; path = TNetworkManager.m; sourceTree = "<group>"; };
		1786DECB1C00C6A7002DE686 /* TSessionManager.h */ = {isa = PBXFileReference; fileEncoding = 4; lastKnownFileType = sourcecode.c.h; path = TSessionManager.h; sourceTree = "<group>"; };
		1786DECC1C00C6A7002DE686 /* TSessionManager.m */ = {isa = PBXFileReference; fileEncoding = 4; lastKnownFileType = sourcecode.c.objc; path = TSessionManager.m; sourceTree = "<group>"; };
		1786DECF1C00C994002DE686 /* TBaseModel.h */ = {isa = PBXFileReference; fileEncoding = 4; lastKnownFileType = sourcecode.c.h; name = TBaseModel.h; path = Models/TBaseModel.h; sourceTree = "<group>"; };
		1786DED01C00C994002DE686 /* TBaseModel.m */ = {isa = PBXFileReference; fileEncoding = 4; lastKnownFileType = sourcecode.c.objc; name = TBaseModel.m; path = Models/TBaseModel.m; sourceTree = "<group>"; };
		179E8AA61C00A994005E492F /* Therapeuo.app */ = {isa = PBXFileReference; explicitFileType = wrapper.application; includeInIndex = 0; path = Therapeuo.app; sourceTree = BUILT_PRODUCTS_DIR; };
		179E8AAA1C00A994005E492F /* main.m */ = {isa = PBXFileReference; lastKnownFileType = sourcecode.c.objc; path = main.m; sourceTree = "<group>"; };
		179E8AAC1C00A994005E492F /* AppDelegate.h */ = {isa = PBXFileReference; lastKnownFileType = sourcecode.c.h; path = AppDelegate.h; sourceTree = "<group>"; };
		179E8AAD1C00A994005E492F /* AppDelegate.m */ = {isa = PBXFileReference; lastKnownFileType = sourcecode.c.objc; path = AppDelegate.m; sourceTree = "<group>"; };
		179E8AB61C00A994005E492F /* Base */ = {isa = PBXFileReference; lastKnownFileType = file.storyboard; name = Base; path = Base.lproj/Main.storyboard; sourceTree = "<group>"; };
		179E8AB81C00A994005E492F /* Assets.xcassets */ = {isa = PBXFileReference; lastKnownFileType = folder.assetcatalog; path = Assets.xcassets; sourceTree = "<group>"; };
		179E8ABB1C00A994005E492F /* Base */ = {isa = PBXFileReference; lastKnownFileType = file.storyboard; name = Base; path = Base.lproj/LaunchScreen.storyboard; sourceTree = "<group>"; };
		179E8ABD1C00A994005E492F /* Info.plist */ = {isa = PBXFileReference; lastKnownFileType = text.plist.xml; path = Info.plist; sourceTree = "<group>"; };
		179E8AC21C00A995005E492F /* TherapeuoTests.xctest */ = {isa = PBXFileReference; explicitFileType = wrapper.cfbundle; includeInIndex = 0; path = TherapeuoTests.xctest; sourceTree = BUILT_PRODUCTS_DIR; };
		179E8AC61C00A995005E492F /* TherapeuoTests.m */ = {isa = PBXFileReference; lastKnownFileType = sourcecode.c.objc; path = TherapeuoTests.m; sourceTree = "<group>"; };
		179E8AC81C00A995005E492F /* Info.plist */ = {isa = PBXFileReference; lastKnownFileType = text.plist.xml; path = Info.plist; sourceTree = "<group>"; };
		179E8ACD1C00A995005E492F /* TherapeuoUITests.xctest */ = {isa = PBXFileReference; explicitFileType = wrapper.cfbundle; includeInIndex = 0; path = TherapeuoUITests.xctest; sourceTree = BUILT_PRODUCTS_DIR; };
		179E8AD11C00A995005E492F /* TherapeuoUITests.m */ = {isa = PBXFileReference; lastKnownFileType = sourcecode.c.objc; path = TherapeuoUITests.m; sourceTree = "<group>"; };
		179E8AD31C00A995005E492F /* Info.plist */ = {isa = PBXFileReference; lastKnownFileType = text.plist.xml; path = Info.plist; sourceTree = "<group>"; };
		179E8AE61C00AA27005E492F /* CasesViewController.h */ = {isa = PBXFileReference; fileEncoding = 4; lastKnownFileType = sourcecode.c.h; path = CasesViewController.h; sourceTree = "<group>"; };
		179E8AE71C00AA27005E492F /* CasesViewController.m */ = {isa = PBXFileReference; fileEncoding = 4; lastKnownFileType = sourcecode.c.objc; path = CasesViewController.m; sourceTree = "<group>"; };
		179E8AE91C00AA27005E492F /* DoctorProfileViewController.h */ = {isa = PBXFileReference; fileEncoding = 4; lastKnownFileType = sourcecode.c.h; path = DoctorProfileViewController.h; sourceTree = "<group>"; };
		179E8AEA1C00AA27005E492F /* DoctorProfileViewController.m */ = {isa = PBXFileReference; fileEncoding = 4; lastKnownFileType = sourcecode.c.objc; path = DoctorProfileViewController.m; sourceTree = "<group>"; };
		8C6AE8234556C588F77FC586 /* Pods-Therapeuo.release.xcconfig */ = {isa = PBXFileReference; includeInIndex = 1; lastKnownFileType = text.xcconfig; name = "Pods-Therapeuo.release.xcconfig"; path = "Pods/Target Support Files/Pods-Therapeuo/Pods-Therapeuo.release.xcconfig"; sourceTree = "<group>"; };
		A4A264045B78BC0161C92BD7 /* Pods-Therapeuo.debug.xcconfig */ = {isa = PBXFileReference; includeInIndex = 1; lastKnownFileType = text.xcconfig; name = "Pods-Therapeuo.debug.xcconfig"; path = "Pods/Target Support Files/Pods-Therapeuo/Pods-Therapeuo.debug.xcconfig"; sourceTree = "<group>"; };
		B0662ECE1C00BF35008EDA02 /* HomeViewController.h */ = {isa = PBXFileReference; fileEncoding = 4; lastKnownFileType = sourcecode.c.h; name = HomeViewController.h; path = "View Controllers/HomeViewController.h"; sourceTree = "<group>"; };
		B0662ECF1C00BF35008EDA02 /* HomeViewController.m */ = {isa = PBXFileReference; fileEncoding = 4; lastKnownFileType = sourcecode.c.objc; name = HomeViewController.m; path = "View Controllers/HomeViewController.m"; sourceTree = "<group>"; };
		B0662ED21C00BF5D008EDA02 /* LoginViewController.h */ = {isa = PBXFileReference; fileEncoding = 4; lastKnownFileType = sourcecode.c.h; name = LoginViewController.h; path = "View Controllers/LoginViewController.h"; sourceTree = "<group>"; };
		B0662ED31C00BF5D008EDA02 /* LoginViewController.m */ = {isa = PBXFileReference; fileEncoding = 4; lastKnownFileType = sourcecode.c.objc; name = LoginViewController.m; path = "View Controllers/LoginViewController.m"; sourceTree = "<group>"; };
		B0662ED51C00BF6B008EDA02 /* RegistrationViewController.h */ = {isa = PBXFileReference; fileEncoding = 4; lastKnownFileType = sourcecode.c.h; path = RegistrationViewController.h; sourceTree = "<group>"; };
		B0662ED61C00BF6B008EDA02 /* RegistrationViewController.m */ = {isa = PBXFileReference; fileEncoding = 4; lastKnownFileType = sourcecode.c.objc; path = RegistrationViewController.m; sourceTree = "<group>"; };
		C9D3485565CC8C0FB8C1C6C5 /* libPods-Therapeuo.a */ = {isa = PBXFileReference; explicitFileType = archive.ar; includeInIndex = 0; path = "libPods-Therapeuo.a"; sourceTree = BUILT_PRODUCTS_DIR; };
		D3796E0B1C00BBBA007E2888 /* Doctor.h */ = {isa = PBXFileReference; fileEncoding = 4; lastKnownFileType = sourcecode.c.h; name = Doctor.h; path = Models/Doctor.h; sourceTree = "<group>"; };
		D3796E0C1C00BBBA007E2888 /* Doctor.m */ = {isa = PBXFileReference; fileEncoding = 4; lastKnownFileType = sourcecode.c.objc; name = Doctor.m; path = Models/Doctor.m; sourceTree = "<group>"; };
		D3796E0D1C00BBBA007E2888 /* Patient.h */ = {isa = PBXFileReference; fileEncoding = 4; lastKnownFileType = sourcecode.c.h; name = Patient.h; path = Models/Patient.h; sourceTree = "<group>"; };
		D3796E0E1C00BBBA007E2888 /* Patient.m */ = {isa = PBXFileReference; fileEncoding = 4; lastKnownFileType = sourcecode.c.objc; name = Patient.m; path = Models/Patient.m; sourceTree = "<group>"; };
		D3796E0F1C00BBBA007E2888 /* PatientCase.h */ = {isa = PBXFileReference; fileEncoding = 4; lastKnownFileType = sourcecode.c.h; name = PatientCase.h; path = Models/PatientCase.h; sourceTree = "<group>"; };
		D3796E101C00BBBA007E2888 /* PatientCase.m */ = {isa = PBXFileReference; fileEncoding = 4; lastKnownFileType = sourcecode.c.objc; name = PatientCase.m; path = Models/PatientCase.m; sourceTree = "<group>"; };
		D3796E111C00BBBA007E2888 /* PatientMessage.h */ = {isa = PBXFileReference; fileEncoding = 4; lastKnownFileType = sourcecode.c.h; name = PatientMessage.h; path = Models/PatientMessage.h; sourceTree = "<group>"; };
		D3796E121C00BBBA007E2888 /* PatientMessage.m */ = {isa = PBXFileReference; fileEncoding = 4; lastKnownFileType = sourcecode.c.objc; name = PatientMessage.m; path = Models/PatientMessage.m; sourceTree = "<group>"; };
/* End PBXFileReference section */

/* Begin PBXFrameworksBuildPhase section */
		179E8AA31C00A994005E492F /* Frameworks */ = {
			isa = PBXFrameworksBuildPhase;
			buildActionMask = 2147483647;
			files = (
				B532F76BD2BBA1C8908EBC13 /* libPods-Therapeuo.a in Frameworks */,
			);
			runOnlyForDeploymentPostprocessing = 0;
		};
		179E8ABF1C00A995005E492F /* Frameworks */ = {
			isa = PBXFrameworksBuildPhase;
			buildActionMask = 2147483647;
			files = (
			);
			runOnlyForDeploymentPostprocessing = 0;
		};
		179E8ACA1C00A995005E492F /* Frameworks */ = {
			isa = PBXFrameworksBuildPhase;
			buildActionMask = 2147483647;
			files = (
			);
			runOnlyForDeploymentPostprocessing = 0;
		};
/* End PBXFrameworksBuildPhase section */

/* Begin PBXGroup section */
		1786DEC81C00C6A7002DE686 /* Data Access */ = {
			isa = PBXGroup;
			children = (
				1786DEC91C00C6A7002DE686 /* TNetworkManager.h */,
				1786DECA1C00C6A7002DE686 /* TNetworkManager.m */,
				1786DECB1C00C6A7002DE686 /* TSessionManager.h */,
				1786DECC1C00C6A7002DE686 /* TSessionManager.m */,
			);
			path = "Data Access";
			sourceTree = "<group>";
		};
		179E8A9D1C00A994005E492F = {
			isa = PBXGroup;
			children = (
				179E8AA81C00A994005E492F /* Therapeuo */,
				179E8AC51C00A995005E492F /* TherapeuoTests */,
				179E8AD01C00A995005E492F /* TherapeuoUITests */,
				179E8AA71C00A994005E492F /* Products */,
				A623F2B9FE93C0B21360C6D5 /* Pods */,
				BFDB3CBADC57D3E2370AE3DA /* Frameworks */,
			);
			sourceTree = "<group>";
		};
		179E8AA71C00A994005E492F /* Products */ = {
			isa = PBXGroup;
			children = (
				179E8AA61C00A994005E492F /* Therapeuo.app */,
				179E8AC21C00A995005E492F /* TherapeuoTests.xctest */,
				179E8ACD1C00A995005E492F /* TherapeuoUITests.xctest */,
			);
			name = Products;
			sourceTree = "<group>";
		};
		179E8AA81C00A994005E492F /* Therapeuo */ = {
			isa = PBXGroup;
			children = (
				179E8AAC1C00A994005E492F /* AppDelegate.h */,
				179E8AAD1C00A994005E492F /* AppDelegate.m */,
				179E8AB81C00A994005E492F /* Assets.xcassets */,
				179E8AE51C00AA27005E492F /* Cases */,
				1786DEC81C00C6A7002DE686 /* Data Access */,
				179E8ABD1C00A994005E492F /* Info.plist */,
				179E8ABA1C00A994005E492F /* LaunchScreen.storyboard */,
				179E8AB51C00A994005E492F /* Main.storyboard */,
				D3796E0A1C00BBAB007E2888 /* Models */,
				179E8AE81C00AA27005E492F /* Profile */,
				179E8AA91C00A994005E492F /* Supporting Files */,
				1786DEC21C00C6A0002DE686 /* TConstants.h */,
				1786DEC31C00C6A0002DE686 /* TConstants.m */,
				1786DEC41C00C6A0002DE686 /* TModule.h */,
				1786DEC51C00C6A0002DE686 /* TModule.m */,
				B0662ED11C00BF3A008EDA02 /* View Controllers */,
			);
			path = Therapeuo;
			sourceTree = "<group>";
		};
		179E8AA91C00A994005E492F /* Supporting Files */ = {
			isa = PBXGroup;
			children = (
				179E8AAA1C00A994005E492F /* main.m */,
			);
			name = "Supporting Files";
			sourceTree = "<group>";
		};
		179E8AC51C00A995005E492F /* TherapeuoTests */ = {
			isa = PBXGroup;
			children = (
				179E8AC61C00A995005E492F /* TherapeuoTests.m */,
				179E8AC81C00A995005E492F /* Info.plist */,
			);
			path = TherapeuoTests;
			sourceTree = "<group>";
		};
		179E8AD01C00A995005E492F /* TherapeuoUITests */ = {
			isa = PBXGroup;
			children = (
				179E8AD11C00A995005E492F /* TherapeuoUITests.m */,
				179E8AD31C00A995005E492F /* Info.plist */,
			);
			path = TherapeuoUITests;
			sourceTree = "<group>";
		};
		179E8AE51C00AA27005E492F /* Cases */ = {
			isa = PBXGroup;
			children = (
				179E8AE61C00AA27005E492F /* CasesViewController.h */,
				179E8AE71C00AA27005E492F /* CasesViewController.m */,
			);
			path = Cases;
			sourceTree = "<group>";
		};
		179E8AE81C00AA27005E492F /* Profile */ = {
			isa = PBXGroup;
			children = (
				179E8AE91C00AA27005E492F /* DoctorProfileViewController.h */,
				179E8AEA1C00AA27005E492F /* DoctorProfileViewController.m */,
			);
			path = Profile;
			sourceTree = "<group>";
		};
		A623F2B9FE93C0B21360C6D5 /* Pods */ = {
			isa = PBXGroup;
			children = (
				A4A264045B78BC0161C92BD7 /* Pods-Therapeuo.debug.xcconfig */,
				8C6AE8234556C588F77FC586 /* Pods-Therapeuo.release.xcconfig */,
			);
			name = Pods;
			sourceTree = "<group>";
		};
		B0662ED11C00BF3A008EDA02 /* View Controllers */ = {
			isa = PBXGroup;
			children = (
				B0662ECE1C00BF35008EDA02 /* HomeViewController.h */,
				B0662ECF1C00BF35008EDA02 /* HomeViewController.m */,
				B0662ED21C00BF5D008EDA02 /* LoginViewController.h */,
				B0662ED31C00BF5D008EDA02 /* LoginViewController.m */,
				B0662ED51C00BF6B008EDA02 /* RegistrationViewController.h */,
				B0662ED61C00BF6B008EDA02 /* RegistrationViewController.m */,
			);
			name = "View Controllers";
			sourceTree = "<group>";
		};
		BFDB3CBADC57D3E2370AE3DA /* Frameworks */ = {
			isa = PBXGroup;
			children = (
				C9D3485565CC8C0FB8C1C6C5 /* libPods-Therapeuo.a */,
			);
			name = Frameworks;
			sourceTree = "<group>";
		};
		D3796E0A1C00BBAB007E2888 /* Models */ = {
			isa = PBXGroup;
			children = (
				D3796E0B1C00BBBA007E2888 /* Doctor.h */,
				D3796E0C1C00BBBA007E2888 /* Doctor.m */,
				D3796E0D1C00BBBA007E2888 /* Patient.h */,
				D3796E0E1C00BBBA007E2888 /* Patient.m */,
				D3796E0F1C00BBBA007E2888 /* PatientCase.h */,
				D3796E101C00BBBA007E2888 /* PatientCase.m */,
				D3796E111C00BBBA007E2888 /* PatientMessage.h */,
				D3796E121C00BBBA007E2888 /* PatientMessage.m */,
				1786DECF1C00C994002DE686 /* TBaseModel.h */,
				1786DED01C00C994002DE686 /* TBaseModel.m */,
			);
			name = Models;
			sourceTree = "<group>";
		};
/* End PBXGroup section */

/* Begin PBXNativeTarget section */
		179E8AA51C00A994005E492F /* Therapeuo */ = {
			isa = PBXNativeTarget;
			buildConfigurationList = 179E8AD61C00A995005E492F /* Build configuration list for PBXNativeTarget "Therapeuo" */;
			buildPhases = (
				F687D961A70E2DC3CB5DECBE /* Check Pods Manifest.lock */,
				179E8AA21C00A994005E492F /* Sources */,
				179E8AA31C00A994005E492F /* Frameworks */,
				179E8AA41C00A994005E492F /* Resources */,
				40A62A179BCEFCCB10B40D51 /* Embed Pods Frameworks */,
				CD7B16252D6F4DDA2D2E150E /* Copy Pods Resources */,
			);
			buildRules = (
			);
			dependencies = (
			);
			name = Therapeuo;
			productName = Therapeuo;
			productReference = 179E8AA61C00A994005E492F /* Therapeuo.app */;
			productType = "com.apple.product-type.application";
		};
		179E8AC11C00A995005E492F /* TherapeuoTests */ = {
			isa = PBXNativeTarget;
			buildConfigurationList = 179E8AD91C00A995005E492F /* Build configuration list for PBXNativeTarget "TherapeuoTests" */;
			buildPhases = (
				179E8ABE1C00A995005E492F /* Sources */,
				179E8ABF1C00A995005E492F /* Frameworks */,
				179E8AC01C00A995005E492F /* Resources */,
			);
			buildRules = (
			);
			dependencies = (
				179E8AC41C00A995005E492F /* PBXTargetDependency */,
			);
			name = TherapeuoTests;
			productName = TherapeuoTests;
			productReference = 179E8AC21C00A995005E492F /* TherapeuoTests.xctest */;
			productType = "com.apple.product-type.bundle.unit-test";
		};
		179E8ACC1C00A995005E492F /* TherapeuoUITests */ = {
			isa = PBXNativeTarget;
			buildConfigurationList = 179E8ADC1C00A995005E492F /* Build configuration list for PBXNativeTarget "TherapeuoUITests" */;
			buildPhases = (
				179E8AC91C00A995005E492F /* Sources */,
				179E8ACA1C00A995005E492F /* Frameworks */,
				179E8ACB1C00A995005E492F /* Resources */,
			);
			buildRules = (
			);
			dependencies = (
				179E8ACF1C00A995005E492F /* PBXTargetDependency */,
			);
			name = TherapeuoUITests;
			productName = TherapeuoUITests;
			productReference = 179E8ACD1C00A995005E492F /* TherapeuoUITests.xctest */;
			productType = "com.apple.product-type.bundle.ui-testing";
		};
/* End PBXNativeTarget section */

/* Begin PBXProject section */
		179E8A9E1C00A994005E492F /* Project object */ = {
			isa = PBXProject;
			attributes = {
				LastUpgradeCheck = 0710;
				ORGANIZATIONNAME = Dumpling;
				TargetAttributes = {
					179E8AA51C00A994005E492F = {
						CreatedOnToolsVersion = 7.1.1;
					};
					179E8AC11C00A995005E492F = {
						CreatedOnToolsVersion = 7.1.1;
						TestTargetID = 179E8AA51C00A994005E492F;
					};
					179E8ACC1C00A995005E492F = {
						CreatedOnToolsVersion = 7.1.1;
						TestTargetID = 179E8AA51C00A994005E492F;
					};
				};
			};
			buildConfigurationList = 179E8AA11C00A994005E492F /* Build configuration list for PBXProject "Therapeuo" */;
			compatibilityVersion = "Xcode 3.2";
			developmentRegion = English;
			hasScannedForEncodings = 0;
			knownRegions = (
				en,
				Base,
			);
			mainGroup = 179E8A9D1C00A994005E492F;
			productRefGroup = 179E8AA71C00A994005E492F /* Products */;
			projectDirPath = "";
			projectRoot = "";
			targets = (
				179E8AA51C00A994005E492F /* Therapeuo */,
				179E8AC11C00A995005E492F /* TherapeuoTests */,
				179E8ACC1C00A995005E492F /* TherapeuoUITests */,
			);
		};
/* End PBXProject section */

/* Begin PBXResourcesBuildPhase section */
		179E8AA41C00A994005E492F /* Resources */ = {
			isa = PBXResourcesBuildPhase;
			buildActionMask = 2147483647;
			files = (
				179E8ABC1C00A994005E492F /* LaunchScreen.storyboard in Resources */,
				179E8AB91C00A994005E492F /* Assets.xcassets in Resources */,
				179E8AB71C00A994005E492F /* Main.storyboard in Resources */,
			);
			runOnlyForDeploymentPostprocessing = 0;
		};
		179E8AC01C00A995005E492F /* Resources */ = {
			isa = PBXResourcesBuildPhase;
			buildActionMask = 2147483647;
			files = (
			);
			runOnlyForDeploymentPostprocessing = 0;
		};
		179E8ACB1C00A995005E492F /* Resources */ = {
			isa = PBXResourcesBuildPhase;
			buildActionMask = 2147483647;
			files = (
			);
			runOnlyForDeploymentPostprocessing = 0;
		};
/* End PBXResourcesBuildPhase section */

/* Begin PBXShellScriptBuildPhase section */
		40A62A179BCEFCCB10B40D51 /* Embed Pods Frameworks */ = {
			isa = PBXShellScriptBuildPhase;
			buildActionMask = 2147483647;
			files = (
			);
			inputPaths = (
			);
			name = "Embed Pods Frameworks";
			outputPaths = (
			);
			runOnlyForDeploymentPostprocessing = 0;
			shellPath = /bin/sh;
			shellScript = "\"${SRCROOT}/Pods/Target Support Files/Pods-Therapeuo/Pods-Therapeuo-frameworks.sh\"\n";
			showEnvVarsInLog = 0;
		};
		CD7B16252D6F4DDA2D2E150E /* Copy Pods Resources */ = {
			isa = PBXShellScriptBuildPhase;
			buildActionMask = 2147483647;
			files = (
			);
			inputPaths = (
			);
			name = "Copy Pods Resources";
			outputPaths = (
			);
			runOnlyForDeploymentPostprocessing = 0;
			shellPath = /bin/sh;
			shellScript = "\"${SRCROOT}/Pods/Target Support Files/Pods-Therapeuo/Pods-Therapeuo-resources.sh\"\n";
			showEnvVarsInLog = 0;
		};
		F687D961A70E2DC3CB5DECBE /* Check Pods Manifest.lock */ = {
			isa = PBXShellScriptBuildPhase;
			buildActionMask = 2147483647;
			files = (
			);
			inputPaths = (
			);
			name = "Check Pods Manifest.lock";
			outputPaths = (
			);
			runOnlyForDeploymentPostprocessing = 0;
			shellPath = /bin/sh;
			shellScript = "diff \"${PODS_ROOT}/../Podfile.lock\" \"${PODS_ROOT}/Manifest.lock\" > /dev/null\nif [[ $? != 0 ]] ; then\n    cat << EOM\nerror: The sandbox is not in sync with the Podfile.lock. Run 'pod install' or update your CocoaPods installation.\nEOM\n    exit 1\nfi\n";
			showEnvVarsInLog = 0;
		};
/* End PBXShellScriptBuildPhase section */

/* Begin PBXSourcesBuildPhase section */
		179E8AA21C00A994005E492F /* Sources */ = {
			isa = PBXSourcesBuildPhase;
			buildActionMask = 2147483647;
			files = (
				1786DECD1C00C6A7002DE686 /* TNetworkManager.m in Sources */,
				179E8AAE1C00A994005E492F /* AppDelegate.m in Sources */,
				D3796E141C00BBBA007E2888 /* Patient.m in Sources */,
				D3796E131C00BBBA007E2888 /* Doctor.m in Sources */,
				B0662ED71C00BF6B008EDA02 /* RegistrationViewController.m in Sources */,
				179E8AEB1C00AA27005E492F /* CasesViewController.m in Sources */,
				B0662ED41C00BF5D008EDA02 /* LoginViewController.m in Sources */,
				1786DED11C00C994002DE686 /* TBaseModel.m in Sources */,
				D3796E161C00BBBA007E2888 /* PatientMessage.m in Sources */,
				B0662ED01C00BF35008EDA02 /* HomeViewController.m in Sources */,
				D3796E151C00BBBA007E2888 /* PatientCase.m in Sources */,
				1786DEC71C00C6A0002DE686 /* TModule.m in Sources */,
				1786DEC61C00C6A0002DE686 /* TConstants.m in Sources */,
				179E8AAB1C00A994005E492F /* main.m in Sources */,
				179E8AEC1C00AA27005E492F /* DoctorProfileViewController.m in Sources */,
				1786DECE1C00C6A7002DE686 /* TSessionManager.m in Sources */,
			);
			runOnlyForDeploymentPostprocessing = 0;
		};
		179E8ABE1C00A995005E492F /* Sources */ = {
			isa = PBXSourcesBuildPhase;
			buildActionMask = 2147483647;
			files = (
				179E8AC71C00A995005E492F /* TherapeuoTests.m in Sources */,
			);
			runOnlyForDeploymentPostprocessing = 0;
		};
		179E8AC91C00A995005E492F /* Sources */ = {
			isa = PBXSourcesBuildPhase;
			buildActionMask = 2147483647;
			files = (
				179E8AD21C00A995005E492F /* TherapeuoUITests.m in Sources */,
			);
			runOnlyForDeploymentPostprocessing = 0;
		};
/* End PBXSourcesBuildPhase section */

/* Begin PBXTargetDependency section */
		179E8AC41C00A995005E492F /* PBXTargetDependency */ = {
			isa = PBXTargetDependency;
			target = 179E8AA51C00A994005E492F /* Therapeuo */;
			targetProxy = 179E8AC31C00A995005E492F /* PBXContainerItemProxy */;
		};
		179E8ACF1C00A995005E492F /* PBXTargetDependency */ = {
			isa = PBXTargetDependency;
			target = 179E8AA51C00A994005E492F /* Therapeuo */;
			targetProxy = 179E8ACE1C00A995005E492F /* PBXContainerItemProxy */;
		};
/* End PBXTargetDependency section */

/* Begin PBXVariantGroup section */
		179E8AB51C00A994005E492F /* Main.storyboard */ = {
			isa = PBXVariantGroup;
			children = (
				179E8AB61C00A994005E492F /* Base */,
			);
			name = Main.storyboard;
			sourceTree = "<group>";
		};
		179E8ABA1C00A994005E492F /* LaunchScreen.storyboard */ = {
			isa = PBXVariantGroup;
			children = (
				179E8ABB1C00A994005E492F /* Base */,
			);
			name = LaunchScreen.storyboard;
			sourceTree = "<group>";
		};
/* End PBXVariantGroup section */

/* Begin XCBuildConfiguration section */
		179E8AD41C00A995005E492F /* Debug */ = {
			isa = XCBuildConfiguration;
			buildSettings = {
				ALWAYS_SEARCH_USER_PATHS = NO;
				CLANG_CXX_LANGUAGE_STANDARD = "gnu++0x";
				CLANG_CXX_LIBRARY = "libc++";
				CLANG_ENABLE_MODULES = YES;
				CLANG_ENABLE_OBJC_ARC = YES;
				CLANG_WARN_BOOL_CONVERSION = YES;
				CLANG_WARN_CONSTANT_CONVERSION = YES;
				CLANG_WARN_DIRECT_OBJC_ISA_USAGE = YES_ERROR;
				CLANG_WARN_EMPTY_BODY = YES;
				CLANG_WARN_ENUM_CONVERSION = YES;
				CLANG_WARN_INT_CONVERSION = YES;
				CLANG_WARN_OBJC_ROOT_CLASS = YES_ERROR;
				CLANG_WARN_UNREACHABLE_CODE = YES;
				CLANG_WARN__DUPLICATE_METHOD_MATCH = YES;
				"CODE_SIGN_IDENTITY[sdk=iphoneos*]" = "iPhone Developer";
				COPY_PHASE_STRIP = NO;
				DEBUG_INFORMATION_FORMAT = dwarf;
				ENABLE_STRICT_OBJC_MSGSEND = YES;
				ENABLE_TESTABILITY = YES;
				GCC_C_LANGUAGE_STANDARD = gnu99;
				GCC_DYNAMIC_NO_PIC = NO;
				GCC_NO_COMMON_BLOCKS = YES;
				GCC_OPTIMIZATION_LEVEL = 0;
				GCC_PREPROCESSOR_DEFINITIONS = (
					"DEBUG=1",
					"$(inherited)",
				);
				GCC_WARN_64_TO_32_BIT_CONVERSION = YES;
				GCC_WARN_ABOUT_RETURN_TYPE = YES_ERROR;
				GCC_WARN_UNDECLARED_SELECTOR = YES;
				GCC_WARN_UNINITIALIZED_AUTOS = YES_AGGRESSIVE;
				GCC_WARN_UNUSED_FUNCTION = YES;
				GCC_WARN_UNUSED_VARIABLE = YES;
				IPHONEOS_DEPLOYMENT_TARGET = 9.1;
				MTL_ENABLE_DEBUG_INFO = YES;
				ONLY_ACTIVE_ARCH = YES;
				SDKROOT = iphoneos;
				TARGETED_DEVICE_FAMILY = "1,2";
			};
			name = Debug;
		};
		179E8AD51C00A995005E492F /* Release */ = {
			isa = XCBuildConfiguration;
			buildSettings = {
				ALWAYS_SEARCH_USER_PATHS = NO;
				CLANG_CXX_LANGUAGE_STANDARD = "gnu++0x";
				CLANG_CXX_LIBRARY = "libc++";
				CLANG_ENABLE_MODULES = YES;
				CLANG_ENABLE_OBJC_ARC = YES;
				CLANG_WARN_BOOL_CONVERSION = YES;
				CLANG_WARN_CONSTANT_CONVERSION = YES;
				CLANG_WARN_DIRECT_OBJC_ISA_USAGE = YES_ERROR;
				CLANG_WARN_EMPTY_BODY = YES;
				CLANG_WARN_ENUM_CONVERSION = YES;
				CLANG_WARN_INT_CONVERSION = YES;
				CLANG_WARN_OBJC_ROOT_CLASS = YES_ERROR;
				CLANG_WARN_UNREACHABLE_CODE = YES;
				CLANG_WARN__DUPLICATE_METHOD_MATCH = YES;
				"CODE_SIGN_IDENTITY[sdk=iphoneos*]" = "iPhone Developer";
				COPY_PHASE_STRIP = NO;
				DEBUG_INFORMATION_FORMAT = "dwarf-with-dsym";
				ENABLE_NS_ASSERTIONS = NO;
				ENABLE_STRICT_OBJC_MSGSEND = YES;
				GCC_C_LANGUAGE_STANDARD = gnu99;
				GCC_NO_COMMON_BLOCKS = YES;
				GCC_WARN_64_TO_32_BIT_CONVERSION = YES;
				GCC_WARN_ABOUT_RETURN_TYPE = YES_ERROR;
				GCC_WARN_UNDECLARED_SELECTOR = YES;
				GCC_WARN_UNINITIALIZED_AUTOS = YES_AGGRESSIVE;
				GCC_WARN_UNUSED_FUNCTION = YES;
				GCC_WARN_UNUSED_VARIABLE = YES;
				IPHONEOS_DEPLOYMENT_TARGET = 9.1;
				MTL_ENABLE_DEBUG_INFO = NO;
				SDKROOT = iphoneos;
				TARGETED_DEVICE_FAMILY = "1,2";
				VALIDATE_PRODUCT = YES;
			};
			name = Release;
		};
		179E8AD71C00A995005E492F /* Debug */ = {
			isa = XCBuildConfiguration;
			baseConfigurationReference = A4A264045B78BC0161C92BD7 /* Pods-Therapeuo.debug.xcconfig */;
			buildSettings = {
				ASSETCATALOG_COMPILER_APPICON_NAME = AppIcon;
				INFOPLIST_FILE = Therapeuo/Info.plist;
				IPHONEOS_DEPLOYMENT_TARGET = 7.0;
				LD_RUNPATH_SEARCH_PATHS = "$(inherited) @executable_path/Frameworks";
				PRODUCT_BUNDLE_IDENTIFIER = io.dumpling.Therapeuo;
				PRODUCT_NAME = "$(TARGET_NAME)";
			};
			name = Debug;
		};
		179E8AD81C00A995005E492F /* Release */ = {
			isa = XCBuildConfiguration;
			baseConfigurationReference = 8C6AE8234556C588F77FC586 /* Pods-Therapeuo.release.xcconfig */;
			buildSettings = {
				ASSETCATALOG_COMPILER_APPICON_NAME = AppIcon;
				INFOPLIST_FILE = Therapeuo/Info.plist;
				IPHONEOS_DEPLOYMENT_TARGET = 7.0;
				LD_RUNPATH_SEARCH_PATHS = "$(inherited) @executable_path/Frameworks";
				PRODUCT_BUNDLE_IDENTIFIER = io.dumpling.Therapeuo;
				PRODUCT_NAME = "$(TARGET_NAME)";
			};
			name = Release;
		};
		179E8ADA1C00A995005E492F /* Debug */ = {
			isa = XCBuildConfiguration;
			buildSettings = {
				BUNDLE_LOADER = "$(TEST_HOST)";
				INFOPLIST_FILE = TherapeuoTests/Info.plist;
				LD_RUNPATH_SEARCH_PATHS = "$(inherited) @executable_path/Frameworks @loader_path/Frameworks";
				PRODUCT_BUNDLE_IDENTIFIER = io.dumpling.TherapeuoTests;
				PRODUCT_NAME = "$(TARGET_NAME)";
				TEST_HOST = "$(BUILT_PRODUCTS_DIR)/Therapeuo.app/Therapeuo";
			};
			name = Debug;
		};
		179E8ADB1C00A995005E492F /* Release */ = {
			isa = XCBuildConfiguration;
			buildSettings = {
				BUNDLE_LOADER = "$(TEST_HOST)";
				INFOPLIST_FILE = TherapeuoTests/Info.plist;
				LD_RUNPATH_SEARCH_PATHS = "$(inherited) @executable_path/Frameworks @loader_path/Frameworks";
				PRODUCT_BUNDLE_IDENTIFIER = io.dumpling.TherapeuoTests;
				PRODUCT_NAME = "$(TARGET_NAME)";
				TEST_HOST = "$(BUILT_PRODUCTS_DIR)/Therapeuo.app/Therapeuo";
			};
			name = Release;
		};
		179E8ADD1C00A995005E492F /* Debug */ = {
			isa = XCBuildConfiguration;
			buildSettings = {
				INFOPLIST_FILE = TherapeuoUITests/Info.plist;
				LD_RUNPATH_SEARCH_PATHS = "$(inherited) @executable_path/Frameworks @loader_path/Frameworks";
				PRODUCT_BUNDLE_IDENTIFIER = io.dumpling.TherapeuoUITests;
				PRODUCT_NAME = "$(TARGET_NAME)";
				TEST_TARGET_NAME = Therapeuo;
				USES_XCTRUNNER = YES;
			};
			name = Debug;
		};
		179E8ADE1C00A995005E492F /* Release */ = {
			isa = XCBuildConfiguration;
			buildSettings = {
				INFOPLIST_FILE = TherapeuoUITests/Info.plist;
				LD_RUNPATH_SEARCH_PATHS = "$(inherited) @executable_path/Frameworks @loader_path/Frameworks";
				PRODUCT_BUNDLE_IDENTIFIER = io.dumpling.TherapeuoUITests;
				PRODUCT_NAME = "$(TARGET_NAME)";
				TEST_TARGET_NAME = Therapeuo;
				USES_XCTRUNNER = YES;
			};
			name = Release;
		};
/* End XCBuildConfiguration section */

/* Begin XCConfigurationList section */
		179E8AA11C00A994005E492F /* Build configuration list for PBXProject "Therapeuo" */ = {
			isa = XCConfigurationList;
			buildConfigurations = (
				179E8AD41C00A995005E492F /* Debug */,
				179E8AD51C00A995005E492F /* Release */,
			);
			defaultConfigurationIsVisible = 0;
			defaultConfigurationName = Release;
		};
		179E8AD61C00A995005E492F /* Build configuration list for PBXNativeTarget "Therapeuo" */ = {
			isa = XCConfigurationList;
			buildConfigurations = (
				179E8AD71C00A995005E492F /* Debug */,
				179E8AD81C00A995005E492F /* Release */,
			);
			defaultConfigurationIsVisible = 0;
			defaultConfigurationName = Release;
		};
		179E8AD91C00A995005E492F /* Build configuration list for PBXNativeTarget "TherapeuoTests" */ = {
			isa = XCConfigurationList;
			buildConfigurations = (
				179E8ADA1C00A995005E492F /* Debug */,
				179E8ADB1C00A995005E492F /* Release */,
			);
			defaultConfigurationIsVisible = 0;
			defaultConfigurationName = Release;
		};
		179E8ADC1C00A995005E492F /* Build configuration list for PBXNativeTarget "TherapeuoUITests" */ = {
			isa = XCConfigurationList;
			buildConfigurations = (
				179E8ADD1C00A995005E492F /* Debug */,
				179E8ADE1C00A995005E492F /* Release */,
			);
			defaultConfigurationIsVisible = 0;
			defaultConfigurationName = Release;
		};
/* End XCConfigurationList section */
	};
	rootObject = 179E8A9E1C00A994005E492F /* Project object */;
}
